Microsoft Visual Studio Solution File, Format Version 12.00
# Visual Studio Version 17
VisualStudioVersion = 17.5.2.0
MinimumVisualStudioVersion = 10.0.40219.1
Project("{FAE04EC0-301F-11D3-BF4B-00C04F79EFBC}") = "big-modelling", "big-modelling.csproj", "{B4BA1E0F-A546-EC33-2199-8A401ECD3A24}"
EndProject
Global
	GlobalSection(SolutionConfigurationPlatforms) = preSolution
		Debug|Any CPU = Debug|Any CPU
		Release|Any CPU = Release|Any CPU
	EndGlobalSection
	GlobalSection(ProjectConfigurationPlatforms) = postSolution
		{B4BA1E0F-A546-EC33-2199-8A401ECD3A24}.Debug|Any CPU.ActiveCfg = Debug|Any CPU
		{B4BA1E0F-A546-EC33-2199-8A401ECD3A24}.Debug|Any CPU.Build.0 = Debug|Any CPU
		{B4BA1E0F-A546-EC33-2199-8A401ECD3A24}.Release|Any CPU.ActiveCfg = Release|Any CPU
		{B4BA1E0F-A546-EC33-2199-8A401ECD3A24}.Release|Any CPU.Build.0 = Release|Any CPU
	EndGlobalSection
	GlobalSection(SolutionProperties) = preSolution
		HideSolutionNode = FALSE
	EndGlobalSection
	GlobalSection(ExtensibilityGlobals) = postSolution
		SolutionGuid = {08CA6510-3451-46AE-9872-8A014D420FC9}
	EndGlobalSection
EndGlobal
